version: 2
status: locked-for-build
project: ecommerce

business:
  services:
    - catalog
    - product
    - inventory
    - cart
    - pricing
    - tax
    - order
    - payment
    - shipping
    - tracking
    - returns
    - billing
    - fraud-risk
    - search
    - review
    - user-profile
    - notification
  frontends:
    - storefront
    - admin
  forbidden_services:
    - checkout

platform:
  kubernetes: rke2
  node_os: rocky-linux-9
  cni: cilium
  mesh: istio
  gitops: rancher-fleet
  ci: tekton
  progressive_delivery: argo-rollouts
  registry: harbor
  secrets: openbao
  external_secrets: eso
  workload_identity: spire
  iam: keycloak

stateful:
  database: cloudnativepg-postgresql
  events: strimzi-kafka-kraft
  jobs: rabbitmq-quorum-queues
  cache: redis-cluster
  search: opensearch
  object_storage: seaweedfs-s3

observability:
  telemetry: opentelemetry
  metrics: prometheus
  alerts: alertmanager
  dashboards: grafana
  log_shipper: fluent-bit
  log_pipeline: data-prepper
  logs: opensearch-logs
  security: wazuh

supply_chain:
  scanner: trivy
  sbom: syft
  signing: cosign
  immutable_images: true
  forbid_latest: true

topology_contracts:
  exact_index: docs/architecture/EXACT_TOPOLOGY_V2.md
  preprod: docs/architecture/PREPROD_TOPOLOGY_V2.md
  prod: docs/architecture/PROD_TOPOLOGY_V2.md
  network_ipam: docs/architecture/NETWORK_IPAM_CONTRACT.md
  storage: docs/architecture/STORAGE_TOPOLOGY_V2.md
  service_ownership: docs/architecture/SERVICE_OWNERSHIP_MATRIX.md
  data_ownership: docs/architecture/DATA_OWNERSHIP_MATRIX.md
  events: docs/architecture/EVENT_CONTRACT_MATRIX.md
  security_zones: docs/architecture/SECURITY_TRUST_ZONES.md
  deployment_dag: docs/architecture/DEPLOYMENT_DAG.md
  aiops: docs/architecture/AIOPS_TOPOLOGY_V1.md
  mlops: docs/architecture/MLOPS_TOPOLOGY_V1.md

machine_contracts:
  preprod_inventory: config/infrastructure/preprod-inventory.yaml
  prod_inventory: config/infrastructure/prod-inventory.yaml
  network_plan: config/infrastructure/network-plan.yaml
  storage_plan: config/infrastructure/storage-plan.yaml
  deployment_waves: config/infrastructure/deployment-waves.yaml
  service_ownership: config/contracts/service-ownership.yaml
  event_contracts: config/contracts/event-contracts.yaml
  dependency_map: config/contracts/dependency-map.yaml

prod_certified_topology:
  physical_hosts_total: 6
  physical_hosts_per_site: 3
  control_planes_per_site: 3
  workers_per_site: 5
  data_workers_per_site: 3
  general_workers_per_site: 2

superseded:
  fluxcd: rancher-fleet
  flagger: argo-rollouts
  minio-community: seaweedfs-s3
  loki: opensearch-logs
  splunk: wazuh-opensearch
  prod-physical-hosts-per-site-5: prod-physical-hosts-per-site-3
  rook-ceph-launch-baseline: no-default-ceph

build_milestones:
  - M0-architecture-sync
  - M1-monorepo-bootstrap
  - M2-golden-service-product
  - M3-preprod-infrastructure
  - M4-platform-baseline
  - M5-commerce-vertical-slice
  - M6-full-application
  - M7-qualification
  - M8-preprod-certification
  - M9-prod-ab
